
Microsoft Visual Studio Solution File, Format Version 12.00
# Visual Studio Version 17
VisualStudioVersion = 17.11.35222.181
MinimumVisualStudioVersion = 10.0.40219.1
Project("{8BC9CEB8-8B4A-11D0-8D11-00A0C91BC942}") = "lab2.1.chukh", "lab2.1.chukh\lab2.1.chukh.vcxproj", "{77689C07-821C-46E3-984E-972176802191}"
EndProject
Global
	GlobalSection(SolutionConfigurationPlatforms) = preSolution
		Debug|x64 = Debug|x64
		Debug|x86 = Debug|x86
		Release|x64 = Release|x64
		Release|x86 = Release|x86
	EndGlobalSection
	GlobalSection(ProjectConfigurationPlatforms) = postSolution
		{77689C07-821C-46E3-984E-972176802191}.Debug|x64.ActiveCfg = Debug|x64
		{77689C07-821C-46E3-984E-972176802191}.Debug|x64.Build.0 = Debug|x64
		{77689C07-821C-46E3-984E-972176802191}.Debug|x86.ActiveCfg = Debug|Win32
		{77689C07-821C-46E3-984E-972176802191}.Debug|x86.Build.0 = Debug|Win32
		{77689C07-821C-46E3-984E-972176802191}.Release|x64.ActiveCfg = Release|x64
		{77689C07-821C-46E3-984E-972176802191}.Release|x64.Build.0 = Release|x64
		{77689C07-821C-46E3-984E-972176802191}.Release|x86.ActiveCfg = Release|Win32
		{77689C07-821C-46E3-984E-972176802191}.Release|x86.Build.0 = Release|Win32
	EndGlobalSection
	GlobalSection(SolutionProperties) = preSolution
		HideSolutionNode = FALSE
	EndGlobalSection
	GlobalSection(ExtensibilityGlobals) = postSolution
		SolutionGuid = {E1A5A0E5-F45D-454D-A481-DCFA8519E889}
	EndGlobalSection
EndGlobal
